<?xml version="1.0" encoding="UTF-8" standalone="yes" ?>
<CodeBlocks_project_file>
	<FileVersion major="1" minor="6" />
	<Project>
		<Option title="SistemaGestionGimnasio" />
		<Option pch_mode="2" />
		<Option compiler="gcc" />
		<Option virtualFolders="modelos/;servicios/;gestorArchivos/;menus/;modelos/headers/;gestorArchivos/headers/;servicios/headers/;autenticacion/;autenticacion/headers/;menus/headers/" />
		<Build>
			<Target title="Debug">
				<Option output="bin/Debug/SistemaGestionGimnasio" prefix_auto="1" extension_auto="1" />
				<Option object_output="obj/Debug/" />
				<Option type="1" />
				<Option compiler="gcc" />
				<Compiler>
					<Add option="-g" />
					<Add directory="include" />
				</Compiler>
			</Target>
			<Target title="Release">
				<Option output="bin/Release/SistemaGestionGimnasio" prefix_auto="1" extension_auto="1" />
				<Option object_output="obj/Release/" />
				<Option type="1" />
				<Option compiler="gcc" />
				<Compiler>
					<Add option="-O2" />
					<Add directory="include" />
				</Compiler>
				<Linker>
					<Add option="-s" />
				</Linker>
			</Target>
		</Build>
		<Compiler>
			<Add option="-Wall" />
		</Compiler>
		<Unit filename="include/actividad.h">
			<Option virtualFolder="modelos/headers/" />
		</Unit>
		<Unit filename="include/autenticador.h">
			<Option virtualFolder="autenticacion/headers/" />
		</Unit>
		<Unit filename="include/detalleRutina.h">
			<Option virtualFolder="modelos/headers/" />
		</Unit>
		<Unit filename="include/ejercicio.h">
			<Option virtualFolder="modelos/headers/" />
		</Unit>
		<Unit filename="include/empleado.h">
			<Option virtualFolder="modelos/headers/" />
		</Unit>
		<Unit filename="include/fecha.h">
			<Option virtualFolder="modelos/headers/" />
		</Unit>
		<Unit filename="include/gestionArchivoEmpleados.h">
			<Option virtualFolder="gestorArchivos/headers/" />
		</Unit>
		<Unit filename="include/gestionArchivoSocios.h">
			<Option virtualFolder="gestorArchivos/headers/" />
		</Unit>
		<Unit filename="include/membresia.h">
			<Option virtualFolder="modelos/headers/" />
		</Unit>
		<Unit filename="include/menuPrincipal.h">
			<Option virtualFolder="menus/headers/" />
		</Unit>
		<Unit filename="include/menuSocio.h">
			<Option virtualFolder="menus/headers/" />
		</Unit>
		<Unit filename="include/reclamo.h">
			<Option virtualFolder="modelos/headers/" />
		</Unit>
		<Unit filename="include/registroAsistencia.h">
			<Option virtualFolder="modelos/headers/" />
		</Unit>
		<Unit filename="include/registroPago.h">
			<Option virtualFolder="modelos/headers/" />
		</Unit>
		<Unit filename="include/rol.h">
			<Option virtualFolder="modelos/headers/" />
		</Unit>
		<Unit filename="include/rutina.h">
			<Option virtualFolder="modelos/headers/" />
		</Unit>
		<Unit filename="include/servicioEntrenador.h">
			<Option virtualFolder="servicios/headers/" />
		</Unit>
		<Unit filename="include/socio.h">
			<Option virtualFolder="modelos/headers/" />
		</Unit>
		<Unit filename="include/turno.h">
			<Option virtualFolder="modelos/headers/" />
		</Unit>
		<Unit filename="include/usuario.h">
			<Option virtualFolder="modelos/headers/" />
		</Unit>
		<Unit filename="include/usuarioAutenticado.h">
			<Option virtualFolder="autenticacion/headers/" />
		</Unit>
		<Unit filename="src/actividad.cpp">
			<Option virtualFolder="modelos/" />
		</Unit>
		<Unit filename="src/autenticador.cpp">
			<Option virtualFolder="autenticacion/" />
		</Unit>
		<Unit filename="src/detalleRutina.cpp">
			<Option virtualFolder="modelos/" />
		</Unit>
		<Unit filename="src/ejercicio.cpp">
			<Option virtualFolder="modelos/" />
		</Unit>
		<Unit filename="src/empleado.cpp">
			<Option virtualFolder="modelos/" />
		</Unit>
		<Unit filename="src/fecha.cpp">
			<Option virtualFolder="modelos/" />
		</Unit>
		<Unit filename="src/gestionArchivoEmpleados.cpp">
			<Option virtualFolder="gestorArchivos/" />
		</Unit>
		<Unit filename="src/gestionArchivoSocios.cpp">
			<Option virtualFolder="gestorArchivos/" />
		</Unit>
		<Unit filename="src/main.cpp">
			<Option virtualFolder="menus/" />
		</Unit>
		<Unit filename="src/menuEntrenador.cpp">
			<Option virtualFolder="menus/" />
		</Unit>
		<Unit filename="src/menuGerente.cpp">
			<Option virtualFolder="menus/" />
		</Unit>
		<Unit filename="src/menuPrincipal.cpp">
			<Option virtualFolder="menus/" />
		</Unit>
		<Unit filename="src/menuSocio.cpp">
			<Option virtualFolder="menus/" />
		</Unit>
		<Unit filename="src/reclamo.cpp">
			<Option virtualFolder="modelos/" />
		</Unit>
		<Unit filename="src/registroAsistencia.cpp">
			<Option virtualFolder="modelos/" />
		</Unit>
		<Unit filename="src/registroPago.cpp">
			<Option virtualFolder="modelos/" />
		</Unit>
		<Unit filename="src/rutina.cpp">
			<Option virtualFolder="modelos/" />
		</Unit>
		<Unit filename="src/servicioEntrenador.cpp">
			<Option virtualFolder="servicios/" />
		</Unit>
		<Unit filename="src/socio.cpp">
			<Option virtualFolder="modelos/" />
		</Unit>
		<Unit filename="src/usuario.cpp">
			<Option virtualFolder="modelos/" />
		</Unit>
		<Unit filename="src/usuarioAutenticado.cpp">
			<Option virtualFolder="autenticacion/" />
		</Unit>
		<Extensions />
	</Project>
</CodeBlocks_project_file>
