<?xml version="1.0" encoding="UTF-8" standalone="yes" ?>
<CodeBlocks_project_file>
	<FileVersion major="1" minor="6" />
	<Project>
		<Option title="SistemaGestionGimnasio" />
		<Option pch_mode="2" />
		<Option compiler="gcc" />
		<Option virtualFolders="modelos/;servicios/;gestorArchivos/;menus/;modelos/headers/;gestorArchivos/headers/;servicios/headers/;autenticacion/;autenticacion/headers/;menus/headers/" />
		<Build>
			<Target title="Debug">
				<Option output="bin/Debug/SistemaGestionGimnasio" prefix_auto="1" extension_auto="1" />
				<Option object_output="obj/Debug/" />
				<Option type="1" />
				<Option compiler="gcc" />
				<Compiler>
					<Add option="-g" />
				</Compiler>
			</Target>
			<Target title="Release">
				<Option output="bin/Release/SistemaGestionGimnasio" prefix_auto="1" extension_auto="1" />
				<Option object_output="obj/Release/" />
				<Option type="1" />
				<Option compiler="gcc" />
				<Compiler>
					<Add option="-O2" />
				</Compiler>
				<Linker>
					<Add option="-s" />
				</Linker>
			</Target>
		</Build>
		<Compiler>
			<Add option="-Wall" />
		</Compiler>
		<Unit filename="actividad.cpp">
			<Option virtualFolder="modelos/" />
		</Unit>
		<Unit filename="actividad.h">
			<Option virtualFolder="modelos/headers/" />
		</Unit>
		<Unit filename="autenticador.cpp">
			<Option virtualFolder="autenticacion/" />
		</Unit>
		<Unit filename="autenticador.h">
			<Option virtualFolder="autenticacion/headers/" />
		</Unit>
		<Unit filename="detalleRutina.cpp">
			<Option virtualFolder="modelos/" />
		</Unit>
		<Unit filename="detalleRutina.h">
			<Option virtualFolder="modelos/headers/" />
		</Unit>
		<Unit filename="ejercicio.cpp">
			<Option virtualFolder="modelos/" />
		</Unit>
		<Unit filename="ejercicio.h">
			<Option virtualFolder="modelos/headers/" />
		</Unit>
		<Unit filename="empleado.cpp">
			<Option virtualFolder="modelos/" />
		</Unit>
		<Unit filename="empleado.h">
			<Option virtualFolder="modelos/headers/" />
		</Unit>
		<Unit filename="fecha.cpp">
			<Option virtualFolder="modelos/" />
		</Unit>
		<Unit filename="fecha.h">
			<Option virtualFolder="modelos/headers/" />
		</Unit>
		<Unit filename="main.cpp">
			<Option virtualFolder="menus/" />
		</Unit>
		<Unit filename="membresia.h">
			<Option virtualFolder="modelos/headers/" />
		</Unit>
		<Unit filename="menuEntrenador.cpp">
			<Option virtualFolder="menus/" />
		</Unit>
		<Unit filename="menuGerente.cpp">
			<Option virtualFolder="menus/" />
		</Unit>
		<Unit filename="menuPrincipal.cpp">
			<Option virtualFolder="menus/" />
		</Unit>
		<Unit filename="menuPrincipal.h">
			<Option virtualFolder="menus/headers/" />
		</Unit>
		<Unit filename="menuSocio.cpp">
			<Option virtualFolder="menus/" />
		</Unit>
		<Unit filename="menuSocio.h">
			<Option virtualFolder="menus/headers/" />
		</Unit>
		<Unit filename="reclamo.cpp">
			<Option virtualFolder="modelos/" />
		</Unit>
		<Unit filename="reclamo.h">
			<Option virtualFolder="modelos/headers/" />
		</Unit>
		<Unit filename="registroAsistencia.cpp">
			<Option virtualFolder="modelos/" />
		</Unit>
		<Unit filename="registroAsistencia.h">
			<Option virtualFolder="modelos/headers/" />
		</Unit>
		<Unit filename="registroPago.cpp">
			<Option virtualFolder="modelos/" />
		</Unit>
		<Unit filename="registroPago.h">
			<Option virtualFolder="modelos/headers/" />
		</Unit>
		<Unit filename="rol.h">
			<Option virtualFolder="modelos/headers/" />
		</Unit>
		<Unit filename="rutina.cpp">
			<Option virtualFolder="modelos/" />
		</Unit>
		<Unit filename="rutina.h">
			<Option virtualFolder="modelos/headers/" />
		</Unit>
		<Unit filename="socio.cpp">
			<Option virtualFolder="modelos/" />
		</Unit>
		<Unit filename="socio.h">
			<Option virtualFolder="modelos/headers/" />
		</Unit>
		<Unit filename="turno.h">
			<Option virtualFolder="modelos/headers/" />
		</Unit>
		<Unit filename="usuario.cpp">
			<Option virtualFolder="modelos/" />
		</Unit>
		<Unit filename="usuario.h">
			<Option virtualFolder="modelos/headers/" />
		</Unit>
		<Unit filename="usuarioAutenticado.cpp">
			<Option virtualFolder="autenticacion/" />
		</Unit>
		<Unit filename="usuarioAutenticado.h">
			<Option virtualFolder="autenticacion/headers/" />
		</Unit>
		<Extensions />
	</Project>
</CodeBlocks_project_file>
